cloud.google.com/go/longrunning v0.6.4 h1:3tyw9rO3E2XVXzSApn1gyEEnH2K9SynNQjMlBi3uHLg=
cloud.google.com/go/longrunning v0.6.4/go.mod h1:ttZpLCe6e7EXvn9OxpBRx7kZEB0efv8yBO6YnVMfhJs=
github.com/aws/aws-sdk-go-v2 v1.36.6 h1:zJqGjVbRdTPojeCGWn5IR5pbJwSQSBh5RWFTQcEQGdU=
github.com/aws/aws-sdk-go-v2 v1.36.6/go.mod h1:EYrzvCCN9CMUTa5+6lf6MM4tq3Zjp8UhSGR/cBsjai0=
github.com/aws/aws-sdk-go-v2/aws/protocol/eventstream v1.6.11 h1:12SpdwU8Djs+YGklkinSSlcrPyj3H4VifVsKf78KbwA=
github.com/aws/aws-sdk-go-v2/aws/protocol/eventstream v1.6.11/go.mod h1:dd+Lkp6YmMryke+qxW/VnKyhMBDTYP41Q2Bb+6gNZgY=
github.com/aws/aws-sdk-go-v2/config v1.29.18 h1:x4T1GRPnqKV8HMJOMtNktbpQMl3bIsfx8KbqmveUO2I=
github.com/aws/aws-sdk-go-v2/config v1.29.18/go.mod h1:bvz8oXugIsH8K7HLhBv06vDqnFv3NsGDt2Znpk7zmOU=
github.com/aws/aws-sdk-go-v2/credentials v1.17.71 h1:r2w4mQWnrTMJjOyIsZtGp3R3XGY3nqHn8C26C2lQWgA=
github.com/aws/aws-sdk-go-v2/credentials v1.17.71/go.mod h1:E7VF3acIup4GB5ckzbKFrCK0vTvEQxOxgdq4U3vcMCY=
github.com/aws/aws-sdk-go-v2/feature/ec2/imds v1.16.33 h1:D9ixiWSG4lyUBL2DDNK924Px9V/NBVpML90MHqyTADY=
github.com/aws/aws-sdk-go-v2/feature/ec2/imds v1.16.33/go.mod h1:caS/m4DI+cij2paz3rtProRBI4s/+TCiWoaWZuQ9010=
github.com/aws/aws-sdk-go-v2/internal/configsources v1.3.37 h1:osMWfm/sC/L4tvEdQ65Gri5ZZDCUpuYJZbTTDrsn4I0=
github.com/aws/aws-sdk-go-v2/internal/configsources v1.3.37/go.mod h1:ZV2/1fbjOPr4G4v38G3Ww5TBT4+hmsK45s/rxu1fGy0=
github.com/aws/aws-sdk-go-v2/internal/endpoints/v2 v2.6.37 h1:v+X21AvTb2wZ+ycg1gx+orkB/9U6L7AOp93R7qYxsxM=
github.com/aws/aws-sdk-go-v2/internal/endpoints/v2 v2.6.37/go.mod h1:G0uM1kyssELxmJ2VZEfG0q2npObR3BAkF3c1VsfVnfs=
github.com/aws/aws-sdk-go-v2/internal/ini v1.8.3 h1:bIqFDwgGXXN1Kpp99pDOdKMTTb5d2KyU5X/BZxjOkRo=
github.com/aws/aws-sdk-go-v2/internal/ini v1.8.3/go.mod h1:H5O/EsxDWyU+LP/V8i5sm8cxoZgc2fdNR9bxlOFrQTo=
github.com/aws/aws-sdk-go-v2/internal/v4a v1.3.37 h1:XTZZ0I3SZUHAtBLBU6395ad+VOblE0DwQP6MuaNeics=
github.com/aws/aws-sdk-go-v2/internal/v4a v1.3.37/go.mod h1:Pi6ksbniAWVwu2S8pEzcYPyhUkAcLaufxN7PfAUQjBk=
github.com/aws/aws-sdk-go-v2/service/internal/accept-encoding v1.12.4 h1:CXV68E2dNqhuynZJPB80bhPQwAKqBWVer887figW6Jc=
github.com/aws/aws-sdk-go-v2/service/internal/accept-encoding v1.12.4/go.mod h1:/xFi9KtvBXP97ppCz1TAEvU1Uf66qvid89rbem3wCzQ=
github.com/aws/aws-sdk-go-v2/service/internal/checksum v1.7.5 h1:M5/B8JUaCI8+9QD+u3S/f4YHpvqE9RpSkV3rf0Iks2w=
github.com/aws/aws-sdk-go-v2/service/internal/checksum v1.7.5/go.mod h1:Bktzci1bwdbpuLiu3AOksiNPMl/LLKmX1TWmqp2xbvs=
github.com/aws/aws-sdk-go-v2/service/internal/presigned-url v1.12.18 h1:vvbXsA2TVO80/KT7ZqCbx934dt6PY+vQ8hZpUZ/cpYg=
github.com/aws/aws-sdk-go-v2/service/internal/presigned-url v1.12.18/go.mod h1:m2JJHledjBGNMsLOF1g9gbAxprzq3KjC8e4lxtn+eWg=
github.com/aws/aws-sdk-go-v2/service/internal/s3shared v1.18.18 h1:OS2e0SKqsU2LiJPqL8u9x41tKc6MMEHrWjLVLn3oysg=
github.com/aws/aws-sdk-go-v2/service/internal/s3shared v1.18.18/go.mod h1:+Yrk+MDGzlNGxCXieljNeWpoZTCQUQVL+Jk9hGGJ8qM=
github.com/aws/aws-sdk-go-v2/service/s3 v1.84.1 h1:RkHXU9jP0DptGy7qKI8CBGsUJruWz0v5IgwBa2DwWcU=
github.com/aws/aws-sdk-go-v2/service/s3 v1.84.1/go.mod h1:3xAOf7tdKF+qbb+XpU+EPhNXAdun3Lu1RcDrj8KC24I=
github.com/aws/aws-sdk-go-v2/service/sso v1.25.6 h1:rGtWqkQbPk7Bkwuv3NzpE/scwwL9sC1Ul3tn9x83DUI=
github.com/aws/aws-sdk-go-v2/service/sso v1.25.6/go.mod h1:u4ku9OLv4TO4bCPdxf4fA1upaMaJmP9ZijGk3AAOC6Q=
github.com/aws/aws-sdk-go-v2/service/ssooidc v1.30.4 h1:OV/pxyXh+eMA0TExHEC4jyWdumLxNbzz1P0zJoezkJc=
github.com/aws/aws-sdk-go-v2/service/ssooidc v1.30.4/go.mod h1:8Mm5VGYwtm+r305FfPSuc+aFkrypeylGYhFim6XEPoc=
github.com/aws/aws-sdk-go-v2/service/sts v1.34.1 h1:aUrLQwJfZtwv3/ZNG2xRtEen+NqI3iesuacjP51Mv1s=
github.com/aws/aws-sdk-go-v2/service/sts v1.34.1/go.mod h1:3wFBZKoWnX3r+Sm7in79i54fBmNfwhdNdQuscCw7QIk=
github.com/aws/smithy-go v1.22.4 h1:uqXzVZNuNexwc/xrh6Tb56u89WDlJY6HS+KC0S4QSjw=
github.com/aws/smithy-go v1.22.4/go.mod h1:t1ufH5HMublsJYulve2RKmHDC15xu1f26kHCp/HgceI=
github.com/bazelbuild/bazel-gazelle v0.45.0 h1:ZfbDRyNppw0Sd42lXVX7ybar63MJofb58Yvl4SvbtYY=
github.com/bazelbuild/bazel-gazelle v0.45.0/go.mod h1:XdBdWhrTc5x50CKzKXOcwrZWdLuX58IX1KcSaWPtEGo=
github.com/bazelbuild/buildtools v0.0.0-20240918101019-be1c24cc9a44 h1:FGzENZi+SX9I7h9xvMtRA3rel8hCEfyzSixteBgn7MU=
github.com/bazelbuild/buildtools v0.0.0-20240918101019-be1c24cc9a44/go.mod h1:PLNUetjLa77TCCziPsz0EI8a6CUxgC+1jgmWv0H25tg=
github.com/bazelbuild/rules_go v0.54.0 h1:D9aCU7j5rdRxg2rXOZX5zHZ395XC0KbgC4rnyaQ3ofM=
github.com/bazelbuild/rules_go v0.54.0/go.mod h1:T90Gpyq4HDFlsrvtQa2CBdHNJ2P4rAu/uUTmQbanzf0=
github.com/containerd/containerd/api v1.9.0 h1:HZ/licowTRazus+wt9fM6r/9BQO7S0vD5lMcWspGIg0=
github.com/containerd/containerd/api v1.9.0/go.mod h1:GhghKFmTR3hNtyznBoQ0EMWr9ju5AqHjcZPsSpTKutI=
github.com/containerd/log v0.1.0 h1:TCJt7ioM2cr/tfR8GPbGf9/VRAX8D2B4PjzCpfX540I=
github.com/containerd/log v0.1.0/go.mod h1:VRRf09a7mHDIRezVKTRCrOq78v577GXq3bSa3EhrzVo=
github.com/containerd/stargz-snapshotter/estargz v0.16.3 h1:7evrXtoh1mSbGj/pfRccTampEyKpjpOnS3CyiV1Ebr8=
github.com/containerd/stargz-snapshotter/estargz v0.16.3/go.mod h1:uyr4BfYfOj3G9WBVE8cOlQmXAbPN9VEQpBBeJIuOipU=
github.com/containerd/ttrpc v1.2.5 h1:IFckT1EFQoFBMG4c3sMdT8EP3/aKfumK1msY+Ze4oLU=
github.com/containerd/ttrpc v1.2.5/go.mod h1:YCXHsb32f+Sq5/72xHubdiJRQY9inL4a4ZQrAbN1q9o=
github.com/davecgh/go-spew v1.1.0/go.mod h1:J7Y8YcW2NihsgmVo/mv3lAwl/skON4iLHjSsI+c5H38=
github.com/davecgh/go-spew v1.1.1 h1:vj9j/u1bqnvCEfJOwUhtlOARqs3+rkHYY13jYWTU97c=
github.com/davecgh/go-spew v1.1.1/go.mod h1:J7Y8YcW2NihsgmVo/mv3lAwl/skON4iLHjSsI+c5H38=
github.com/docker/cli v28.2.2+incompatible h1:qzx5BNUDFqlvyq4AHzdNB7gSyVTmU4cgsyN9SdInc1A=
github.com/docker/cli v28.2.2+incompatible/go.mod h1:JLrzqnKDaYBop7H2jaqPtU4hHvMKP+vjCwu2uszcLI8=
github.com/docker/distribution v2.8.3+incompatible h1:AtKxIZ36LoNK51+Z6RpzLpddBirtxJnzDrHLEKxTAYk=
github.com/docker/distribution v2.8.3+incompatible/go.mod h1:J2gT2udsDAN96Uj4KfcMRqY0/ypR+oyYUYmja8H+y+w=
github.com/docker/docker-credential-helpers v0.9.3 h1:gAm/VtF9wgqJMoxzT3Gj5p4AqIjCBS4wrsOh9yRqcz8=
github.com/docker/docker-credential-helpers v0.9.3/go.mod h1:x+4Gbw9aGmChi3qTLZj8Dfn0TD20M/fuWy0E5+WDeCo=
github.com/google/go-cmp v0.7.0 h1:wk8382ETsv4JYUZwIsn6YpYiWiBsYLSJiTsyBybVuN8=
github.com/google/go-cmp v0.7.0/go.mod h1:pXiqmnSA92OHEEa9HXL2W4E7lf9JzCmGVUdgjX3N/iU=
github.com/google/uuid v1.6.0 h1:NIvaJDMOsjHA8n1jAhLSgzrAzy1Hgr+hNrb57e+94F0=
github.com/google/uuid v1.6.0/go.mod h1:TIyPZe4MgqvfeYDBFedMoGGpEw/LqOeaOT+nhxU+yHo=
github.com/klauspost/compress v1.18.0 h1:c/Cqfb0r+Yi+JtIEq73FWXVkRonBlf0CRNYc8Zttxdo=
github.com/klauspost/compress v1.18.0/go.mod h1:2Pp+KzxcywXVXMr50+X0Q/Lsb43OQHYWRCY2AiWywWQ=
github.com/malt3/go-containerregistry v0.0.0-20250724131542-7e98b20e9b45 h1:++Nv8IEo3TAE7OIFbpgNO7xrSZ4TbuMBxukdL/WHSjo=
github.com/malt3/go-containerregistry v0.0.0-20250724131542-7e98b20e9b45/go.mod h1:ULLB9Bwr1Z1y42rCUVXYXv8P39mX/ZQO9YTilI/wt8c=
github.com/mitchellh/go-homedir v1.1.0 h1:lukF9ziXFxDFPkA1vsr5zpc1XuPDn/wFntq5mG+4E0Y=
github.com/mitchellh/go-homedir v1.1.0/go.mod h1:SfyaCUpYCn1Vlf4IUYiD9fPX4A5wJrkLzIz1N1q0pr0=
github.com/opencontainers/go-digest v1.0.0 h1:apOUWs51W5PlhuyGyz9FCeeBIOUDA/6nW8Oi/yOhh5U=
github.com/opencontainers/go-digest v1.0.0/go.mod h1:0JzlMkj0TRzQZfJkVvzbP0HBR3IKzErnv2BNG4W4MAM=
github.com/opencontainers/image-spec v1.1.1 h1:y0fUlFfIZhPF1W537XOLg0/fcx6zcHCJwooC2xJA040=
github.com/opencontainers/image-spec v1.1.1/go.mod h1:qpqAh3Dmcf36wStyyWU+kCeDgrGnAve2nCC8+7h8Q0M=
github.com/pkg/errors v0.9.1 h1:FEBLx1zS214owpjy7qsBeixbURkuhQAwrK5UwLGTwt4=
github.com/pkg/errors v0.9.1/go.mod h1:bwawxfHBFNV+L2hUp1rHADufV3IMtnDRdf1r5NINEl0=
github.com/pmezard/go-difflib v1.0.0 h1:4DBwDE0NGyQoBHbLQYPwSUPoCMWR5BEzIk/f1lZbAQM=
github.com/pmezard/go-difflib v1.0.0/go.mod h1:iKH77koFhYxTK1pcRnkKkqfTogsbg7gZNVY4sRDYZ/4=
github.com/prometheus/procfs v0.6.0 h1:mxy4L2jP6qMonqmq+aTtOx1ifVWUgG/TAmntgbh3xv4=
github.com/prometheus/procfs v0.6.0/go.mod h1:cz+aTbrPOrUb4q7XlbU9ygM+/jj0fzG6c1xBZuNvfVA=
github.com/sirupsen/logrus v1.9.3 h1:dueUQJ1C2q9oE3F7wvmSGAaVtTmUizReu6fjN8uqzbQ=
github.com/sirupsen/logrus v1.9.3/go.mod h1:naHLuLoDiP4jHNo9R0sCBMtWGeIprob74mVsIT4qYEQ=
github.com/stretchr/objx v0.1.0/go.mod h1:HFkY916IF+rwdDfMAkV7OtwuqBVzrE8GR6GFx+wExME=
github.com/stretchr/testify v1.7.0/go.mod h1:6Fq8oRcR53rry900zMqJjRRixrwX3KX962/h/Wwjteg=
github.com/stretchr/testify v1.10.0 h1:Xv5erBjTwe/5IxqUQTdXv5kgmIvbHo3QQyRwhJsOfJA=
github.com/stretchr/testify v1.10.0/go.mod h1:r2ic/lqez/lEtzL7wO/rwa5dbSLXVDPFyf8C91i36aY=
github.com/vbatts/tar-split v0.12.1 h1:CqKoORW7BUWBe7UL/iqTVvkTBOF8UvOMKOIZykxnnbo=
github.com/vbatts/tar-split v0.12.1/go.mod h1:eF6B6i6ftWQcDqEn3/iGFRFRo8cBIMSJVOpnNdfTMFA=
golang.org/x/mod v0.26.0 h1:EGMPT//Ezu+ylkCijjPc+f4Aih7sZvaAr+O3EHBxvZg=
golang.org/x/mod v0.26.0/go.mod h1:/j6NAhSk8iQ723BGAUyoAcn7SlD7s15Dp9Nd/SfeaFQ=
golang.org/x/net v0.42.0 h1:jzkYrhi3YQWD6MLBJcsklgQsoAcw89EcZbJw8Z614hs=
golang.org/x/net v0.42.0/go.mod h1:FF1RA5d3u7nAYA4z2TkclSCKh68eSXtiFwcWQpPXdt8=
golang.org/x/sync v0.16.0 h1:ycBJEhp9p4vXvUZNszeOq0kGTPghopOL8q0fq3vstxw=
golang.org/x/sync v0.16.0/go.mod h1:1dzgHSNfp02xaA81J2MS99Qcpr2w7fw1gpm99rleRqA=
golang.org/x/sys v0.0.0-20220715151400-c0bba94af5f8/go.mod h1:oPkhp1MJrh7nUepCBck5+mAzfO9JrbApNNgaTdGDITg=
golang.org/x/sys v0.34.0 h1:H5Y5sJ2L2JRdyv7ROF1he/lPdvFsd0mJHFw2ThKHxLA=
golang.org/x/sys v0.34.0/go.mod h1:BJP2sWEmIv4KK5OTEluFJCKSidICx8ciO85XgH3Ak8k=
golang.org/x/text v0.27.0 h1:4fGWRpyh641NLlecmyl4LOe6yDdfaYNrGb2zdfo4JV4=
golang.org/x/text v0.27.0/go.mod h1:1D28KMCvyooCX9hBiosv5Tz/+YLxj0j7XhWjpSUF7CU=
golang.org/x/tools v0.34.0 h1:qIpSLOxeCYGg9TrcJokLBG4KFA6d795g0xkBkiESGlo=
golang.org/x/tools v0.34.0/go.mod h1:pAP9OwEaY1CAW3HOmg3hLZC5Z0CCmzjAF2UQMSqNARg=
golang.org/x/tools/go/vcs v0.1.0-deprecated h1:cOIJqWBl99H1dH5LWizPa+0ImeeJq3t3cJjaeOWUAL4=
golang.org/x/tools/go/vcs v0.1.0-deprecated/go.mod h1:zUrvATBAvEI9535oC0yWYsLsHIV4Z7g63sNPVMtuBy8=
google.golang.org/genproto/googleapis/api v0.0.0-20250106144421-5f5ef82da422 h1:GVIKPyP/kLIyVOgOnTwFOrvQaQUzOzGMCxgFUOEmm24=
google.golang.org/genproto/googleapis/api v0.0.0-20250106144421-5f5ef82da422/go.mod h1:b6h1vNKhxaSoEI+5jc3PJUCustfli/mRab7295pY7rw=
google.golang.org/genproto/googleapis/bytestream v0.0.0-20240730163845-b1a4ccb954bf h1:T4tsZBlZYXK3j40sQNP5MBO32I+rn6ypV1PpklsiV8k=
google.golang.org/genproto/googleapis/bytestream v0.0.0-20240730163845-b1a4ccb954bf/go.mod h1:5/MT647Cn/GGhwTpXC7QqcaR5Cnee4v4MKCU1/nwnIQ=
google.golang.org/genproto/googleapis/rpc v0.0.0-20250106144421-5f5ef82da422 h1:3UsHvIr4Wc2aW4brOaSCmcxh9ksica6fHEr8P1XhkYw=
google.golang.org/genproto/googleapis/rpc v0.0.0-20250106144421-5f5ef82da422/go.mod h1:3ENsm/5D1mzDyhpzeRi1NR784I0BcofWBoSc5QqqMK4=
google.golang.org/grpc v1.67.3 h1:OgPcDAFKHnH8X3O4WcO4XUc8GRDeKsKReqbQtiCj7N8=
google.golang.org/grpc v1.67.3/go.mod h1:YGaHCc6Oap+FzBJTZLBzkGSYt/cvGPFTPxkn7QfSU8s=
google.golang.org/protobuf v1.36.7 h1:IgrO7UwFQGJdRNXH/sQux4R1Dj1WAKcLElzeeRaXV2A=
google.golang.org/protobuf v1.36.7/go.mod h1:jduwjTPXsFjZGTmRluh+L6NjiWu7pchiJ2/5YcXBHnY=
gopkg.in/check.v1 v0.0.0-20161208181325-20d25e280405/go.mod h1:Co6ibVJAznAaIkqp8huTwlJQCZ016jof/cbN4VW5Yz0=
gopkg.in/yaml.v3 v3.0.0-20200313102051-9f266ea9e77c/go.mod h1:K4uyk7z7BCEPqu6E+C64Yfv1cQ7kz7rIZviUmN+EgEM=
gopkg.in/yaml.v3 v3.0.1 h1:fxVm/GzAzEWqLHuvctI91KS9hhNmmWOoWu0XTYJS7CA=
gopkg.in/yaml.v3 v3.0.1/go.mod h1:K4uyk7z7BCEPqu6E+C64Yfv1cQ7kz7rIZviUmN+EgEM=
gotest.tools/v3 v3.0.3 h1:4AuOwCGf4lLR9u3YOe2awrHygurzhO/HeQ6laiA6Sx0=
gotest.tools/v3 v3.0.3/go.mod h1:Z7Lb0S5l+klDB31fvDQX8ss/FlKDxtlFlw3Oa8Ymbl8=
